{
    "_readme": [
        "This file locks the dependencies of your project to a known state",
        "Read more about it at https://getcomposer.org/doc/01-basic-usage.md#installing-dependencies",
        "This file is @generated automatically"
    ],
    "content-hash": "7ec55255037447a56411888c1f97bf9b",
    "packages": [
        {
            "name": "google/recaptcha",
            "version": "dev-master",
            "source": {
                "type": "git",
                "url": "https://github.com/google/recaptcha.git",
                "reference": "9c17232e45d02e864e94bbc80d1dd346f1f7105e"
            },
            "dist": {
                "type": "zip",
                "url": "https://api.github.com/repos/google/recaptcha/zipball/9c17232e45d02e864e94bbc80d1dd346f1f7105e",
                "reference": "9c17232e45d02e864e94bbc80d1dd346f1f7105e",
                "shasum": ""
            },
            "require": {
                "php": ">=5.5"
            },
            "require-dev": {
                "friendsofphp/php-cs-fixer": "^2.2.20|^2.12",
                "php-coveralls/php-coveralls": "^2.1",
                "phpunit/phpunit": "^4.8.36|^5.7.27|^6.59|^7"
            },
            "type": "library",
            "extra": {
                "branch-alias": {
                    "dev-master": "1.2.x-dev"
                }
            },
            "autoload": {
                "psr-4": {
                    "ReCaptcha\\": "src/ReCaptcha"
                }
            },
            "notification-url": "https://packagist.org/downloads/",
            "license": [
                "BSD-3-Clause"
            ],
            "description": "Client library for reCAPTCHA, a free service that protects websites from spam and abuse.",
            "homepage": "https://www.google.com/recaptcha/",
            "keywords": [
                "Abuse",
                "captcha",
                "recaptcha",
                "spam"
            ],
            "time": "2019-02-14T07:13:16+00:00"
        },
        {
            "name": "magento/magento-composer-installer",
            "version": "dev-master",
            "source": {
                "type": "git",
                "url": "https://github.com/magento/magento-composer-installer.git",
                "reference": "9fc7b8972646c749881dc8efca6e8033427db56b"
            },
            "dist": {
                "type": "zip",
                "url": "https://api.github.com/repos/magento/magento-composer-installer/zipball/9fc7b8972646c749881dc8efca6e8033427db56b",
                "reference": "9fc7b8972646c749881dc8efca6e8033427db56b",
                "shasum": ""
            },
            "require": {
                "composer-plugin-api": "^1.0"
            },
            "replace": {
                "magento-hackathon/magento-composer-installer": "*"
            },
            "require-dev": {
                "composer/composer": "*@dev",
                "firegento/phpcs": "dev-patch-1",
                "mikey179/vfsstream": "*",
                "phpunit/phpunit": "*",
                "phpunit/phpunit-mock-objects": "dev-master",
                "squizlabs/php_codesniffer": "1.4.7",
                "symfony/process": "*"
            },
            "type": "composer-plugin",
            "extra": {
                "composer-command-registry": [
                    "MagentoHackathon\\Composer\\Magento\\Command\\DeployCommand"
                ],
                "class": "MagentoHackathon\\Composer\\Magento\\Plugin"
            },
            "autoload": {
                "psr-0": {
                    "MagentoHackathon\\Composer\\Magento": "src/"
                }
            },
            "notification-url": "https://packagist.org/downloads/",
            "license": [
                "OSL-3.0"
            ],
            "authors": [
                {
                    "name": "Vinai Kopp",
                    "email": "vinai@netzarbeiter.com"
                },
                {
                    "name": "Daniel Fahlke aka Flyingmana",
                    "email": "flyingmana@googlemail.com"
                },
                {
                    "name": "Jörg Weller",
                    "email": "weller@flagbit.de"
                },
                {
                    "name": "Karl Spies",
                    "email": "karl.spies@gmx.net"
                },
                {
                    "name": "Tobias Vogt",
                    "email": "tobi@webguys.de"
                },
                {
                    "name": "David Fuhr",
                    "email": "fuhr@flagbit.de"
                }
            ],
            "description": "Composer installer for Magento modules",
            "homepage": "https://github.com/magento/magento-composer-installer",
            "keywords": [
                "composer-installer",
                "magento"
            ],
            "time": "2018-07-04T07:48:12+00:00"
        },
        {
            "name": "msp/recaptcha",
            "version": "1.4.9",
            "source": {
                "type": "git",
                "url": "https://github.com/magespecialist/m2-MSP_ReCaptcha.git",
                "reference": "d7709bece943caadd2a642c58a518902182ab936"
            },
            "dist": {
                "type": "zip",
                "url": "https://api.github.com/repos/magespecialist/m2-MSP_ReCaptcha/zipball/d7709bece943caadd2a642c58a518902182ab936",
                "reference": "d7709bece943caadd2a642c58a518902182ab936",
                "shasum": ""
            },
            "require": {
                "google/recaptcha": "^1.1",
                "magento/magento-composer-installer": "*",
                "msp/security-suite-common": "^2.0",
                "php": "^7.0|^7.1"
            },
            "suggest": {
                "msp/security-suite": "Full MageSpecialist Security Suite"
            },
            "type": "magento2-module",
            "autoload": {
                "files": [
                    "registration.php"
                ],
                "psr-4": {
                    "MSP\\ReCaptcha\\": ""
                }
            },
            "notification-url": "https://packagist.org/downloads/",
            "license": [
                "OSL-3.0"
            ],
            "authors": [
                {
                    "name": "Riccardo Tempesta",
                    "email": "riccardo.tempesta@magespecialist.it"
                }
            ],
            "description": "Google reCaptcha integration for Magento2 - Member of MageSpecialist SecuritySuite",
            "time": "2018-03-02T10:51:12+00:00"
        },
        {
            "name": "msp/security-suite-common",
            "version": "2.0.6",
            "source": {
                "type": "git",
                "url": "https://github.com/magespecialist/m2-MSP_Security_Suite_Common.git",
                "reference": "123441060304953260fcc14aac08e664c024ad09"
            },
            "dist": {
                "type": "zip",
                "url": "https://api.github.com/repos/magespecialist/m2-MSP_Security_Suite_Common/zipball/123441060304953260fcc14aac08e664c024ad09",
                "reference": "123441060304953260fcc14aac08e664c024ad09",
                "shasum": ""
            },
            "require": {
                "magento/magento-composer-installer": "*",
                "php": "^7.0|^7.1"
            },
            "conflict": {
                "msp/userlockout": "*"
            },
            "suggest": {
                "msp/notify": "Event based notify system",
                "msp/security-suite": "Full MageSpecialist Security Suite",
                "msp/security-suite-logger": "Security Suite Logging system"
            },
            "type": "magento2-module",
            "autoload": {
                "files": [
                    "registration.php"
                ],
                "psr-4": {
                    "MSP\\SecuritySuiteCommon\\": ""
                }
            },
            "notification-url": "https://packagist.org/downloads/",
            "license": [
                "OSL-3.0"
            ],
            "authors": [
                {
                    "name": "Riccardo Tempesta",
                    "email": "riccardo.tempesta@magespecialist.it"
                }
            ],
            "description": "Magento2 Security Suite by MageSpecialist Common Libraries",
            "time": "2018-03-20T17:24:04+00:00"
        }
    ],
    "packages-dev": [],
    "aliases": [],
    "minimum-stability": "dev",
    "stability-flags": [],
    "prefer-stable": false,
    "prefer-lowest": false,
    "platform": [],
    "platform-dev": []
}
